// !$*UTF8*$!
{
	archiveVersion = 1;
	classes = {
	};
	objectVersion = 48;
	objects = {

/* Begin PBXBuildFile section */
		395D7F27203C65E4009DA67C /* AppDelegate.swift in Sources */ = {isa = PBXBuildFile; fileRef = 395D7F26203C65E4009DA67C /* AppDelegate.swift */; };
		395D7F29203C65E4009DA67C /* ViewController.swift in Sources */ = {isa = PBXBuildFile; fileRef = 395D7F28203C65E4009DA67C /* ViewController.swift */; };
		395D7F2C203C65E4009DA67C /* Main.storyboard in Resources */ = {isa = PBXBuildFile; fileRef = 395D7F2A203C65E4009DA67C /* Main.storyboard */; };
		395D7F2F203C65E4009DA67C /* ProjectCrypto.xcdatamodeld in Sources */ = {isa = PBXBuildFile; fileRef = 395D7F2D203C65E4009DA67C /* ProjectCrypto.xcdatamodeld */; };
		395D7F31203C65E4009DA67C /* Assets.xcassets in Resources */ = {isa = PBXBuildFile; fileRef = 395D7F30203C65E4009DA67C /* Assets.xcassets */; };
		395D7F34203C65E4009DA67C /* LaunchScreen.storyboard in Resources */ = {isa = PBXBuildFile; fileRef = 395D7F32203C65E4009DA67C /* LaunchScreen.storyboard */; };
/* End PBXBuildFile section */

/* Begin PBXFileReference section */
		395D7F23203C65E4009DA67C /* ProjectCrypto.app */ = {isa = PBXFileReference; explicitFileType = wrapper.application; includeInIndex = 0; path = ProjectCrypto.app; sourceTree = BUILT_PRODUCTS_DIR; };
		395D7F26203C65E4009DA67C /* AppDelegate.swift */ = {isa = PBXFileReference; lastKnownFileType = sourcecode.swift; path = AppDelegate.swift; sourceTree = "<group>"; };
		395D7F28203C65E4009DA67C /* ViewController.swift */ = {isa = PBXFileReference; lastKnownFileType = sourcecode.swift; path = ViewController.swift; sourceTree = "<group>"; };
		395D7F2B203C65E4009DA67C /* Base */ = {isa = PBXFileReference; lastKnownFileType = file.storyboard; name = Base; path = Base.lproj/Main.storyboard; sourceTree = "<group>"; };
		395D7F2E203C65E4009DA67C /* ProjectCrypto.xcdatamodel */ = {isa = PBXFileReference; lastKnownFileType = wrapper.xcdatamodel; path = ProjectCrypto.xcdatamodel; sourceTree = "<group>"; };
		395D7F30203C65E4009DA67C /* Assets.xcassets */ = {isa = PBXFileReference; lastKnownFileType = folder.assetcatalog; path = Assets.xcassets; sourceTree = "<group>"; };
		395D7F33203C65E4009DA67C /* Base */ = {isa = PBXFileReference; lastKnownFileType = file.storyboard; name = Base; path = Base.lproj/LaunchScreen.storyboard; sourceTree = "<group>"; };
		395D7F35203C65E4009DA67C /* Info.plist */ = {isa = PBXFileReference; lastKnownFileType = text.plist.xml; path = Info.plist; sourceTree = "<group>"; };
/* End PBXFileReference section */

/* Begin PBXFrameworksBuildPhase section */
		395D7F20203C65E4009DA67C /* Frameworks */ = {
			isa = PBXFrameworksBuildPhase;
			buildActionMask = 2147483647;
			files = (
			);
			runOnlyForDeploymentPostprocessing = 0;
		};
/* End PBXFrameworksBuildPhase section */

/* Begin PBXGroup section */
		395D7F1A203C65E4009DA67C = {
			isa = PBXGroup;
			children = (
				395D7F25203C65E4009DA67C /* ProjectCrypto */,
				395D7F24203C65E4009DA67C /* Products */,
			);
			sourceTree = "<group>";
		};
		395D7F24203C65E4009DA67C /* Products */ = {
			isa = PBXGroup;
			children = (
				395D7F23203C65E4009DA67C /* ProjectCrypto.app */,
			);
			name = Products;
			sourceTree = "<group>";
		};
		395D7F25203C65E4009DA67C /* ProjectCrypto */ = {
			isa = PBXGroup;
			children = (
				395D7F26203C65E4009DA67C /* AppDelegate.swift */,
				395D7F28203C65E4009DA67C /* ViewController.swift */,
				395D7F2A203C65E4009DA67C /* Main.storyboard */,
				395D7F30203C65E4009DA67C /* Assets.xcassets */,
				395D7F32203C65E4009DA67C /* LaunchScreen.storyboard */,
				395D7F35203C65E4009DA67C /* Info.plist */,
				395D7F2D203C65E4009DA67C /* ProjectCrypto.xcdatamodeld */,
			);
			path = ProjectCrypto;
			sourceTree = "<group>";
		};
/* End PBXGroup section */

/* Begin PBXNativeTarget section */
		395D7F22203C65E4009DA67C /* ProjectCrypto */ = {
			isa = PBXNativeTarget;
			buildConfigurationList = 395D7F38203C65E4009DA67C /* Build configuration list for PBXNativeTarget "ProjectCrypto" */;
			buildPhases = (
				395D7F1F203C65E4009DA67C /* Sources */,
				395D7F20203C65E4009DA67C /* Frameworks */,
				395D7F21203C65E4009DA67C /* Resources */,
			);
			buildRules = (
			);
			dependencies = (
			);
			name = ProjectCrypto;
			productName = ProjectCrypto;
			productReference = 395D7F23203C65E4009DA67C /* ProjectCrypto.app */;
			productType = "com.apple.product-type.application";
		};
/* End PBXNativeTarget section */

/* Begin PBXProject section */
		395D7F1B203C65E4009DA67C /* Project object */ = {
			isa = PBXProject;
			attributes = {
				LastSwiftUpdateCheck = 0920;
				LastUpgradeCheck = 0920;
				ORGANIZATIONNAME = "Тимур";
				TargetAttributes = {
					395D7F22203C65E4009DA67C = {
						CreatedOnToolsVersion = 9.2;
						ProvisioningStyle = Automatic;
					};
				};
			};
			buildConfigurationList = 395D7F1E203C65E4009DA67C /* Build configuration list for PBXProject "ProjectCrypto" */;
			compatibilityVersion = "Xcode 8.0";
			developmentRegion = en;
			hasScannedForEncodings = 0;
			knownRegions = (
				en,
				Base,
			);
			mainGroup = 395D7F1A203C65E4009DA67C;
			productRefGroup = 395D7F24203C65E4009DA67C /* Products */;
			projectDirPath = "";
			projectRoot = "";
			targets = (
				395D7F22203C65E4009DA67C /* ProjectCrypto */,
			);
		};
/* End PBXProject section */

/* Begin PBXResourcesBuildPhase section */
		395D7F21203C65E4009DA67C /* Resources */ = {
			isa = PBXResourcesBuildPhase;
			buildActionMask = 2147483647;
			files = (
				395D7F34203C65E4009DA67C /* LaunchScreen.storyboard in Resources */,
				395D7F31203C65E4009DA67C /* Assets.xcassets in Resources */,
				395D7F2C203C65E4009DA67C /* Main.storyboard in Resources */,
			);
			runOnlyForDeploymentPostprocessing = 0;
		};
/* End PBXResourcesBuildPhase section */

/* Begin PBXSourcesBuildPhase section */
		395D7F1F203C65E4009DA67C /* Sources */ = {
			isa = PBXSourcesBuildPhase;
			buildActionMask = 2147483647;
			files = (
				395D7F2F203C65E4009DA67C /* ProjectCrypto.xcdatamodeld in Sources */,
				395D7F29203C65E4009DA67C /* ViewController.swift in Sources */,
				395D7F27203C65E4009DA67C /* AppDelegate.swift in Sources */,
			);
			runOnlyForDeploymentPostprocessing = 0;
		};
/* End PBXSourcesBuildPhase section */

/* Begin PBXVariantGroup section */
		395D7F2A203C65E4009DA67C /* Main.storyboard */ = {
			isa = PBXVariantGroup;
			children = (
				395D7F2B203C65E4009DA67C /* Base */,
			);
			name = Main.storyboard;
			sourceTree = "<group>";
		};
		395D7F32203C65E4009DA67C /* LaunchScreen.storyboard */ = {
			isa = PBXVariantGroup;
			children = (
				395D7F33203C65E4009DA67C /* Base */,
			);
			name = LaunchScreen.storyboard;
			sourceTree = "<group>";
		};
/* End PBXVariantGroup section */

/* Begin XCBuildConfiguration section */
		395D7F36203C65E4009DA67C /* Debug */ = {
			isa = XCBuildConfiguration;
			buildSettings = {
				ALWAYS_SEARCH_USER_PATHS = NO;
				CLANG_ANALYZER_NONNULL = YES;
				CLANG_ANALYZER_NUMBER_OBJECT_CONVERSION = YES_AGGRESSIVE;
				CLANG_CXX_LANGUAGE_STANDARD = "gnu++14";
				CLANG_CXX_LIBRARY = "libc++";
				CLANG_ENABLE_MODULES = YES;
				CLANG_ENABLE_OBJC_ARC = YES;
				CLANG_WARN_BLOCK_CAPTURE_AUTORELEASING = YES;
				CLANG_WARN_BOOL_CONVERSION = YES;
				CLANG_WARN_COMMA = YES;
				CLANG_WARN_CONSTANT_CONVERSION = YES;
				CLANG_WARN_DIRECT_OBJC_ISA_USAGE = YES_ERROR;
				CLANG_WARN_DOCUMENTATION_COMMENTS = YES;
				CLANG_WARN_EMPTY_BODY = YES;
				CLANG_WARN_ENUM_CONVERSION = YES;
				CLANG_WARN_INFINITE_RECURSION = YES;
				CLANG_WARN_INT_CONVERSION = YES;
				CLANG_WARN_NON_LITERAL_NULL_CONVERSION = YES;
				CLANG_WARN_OBJC_LITERAL_CONVERSION = YES;
				CLANG_WARN_OBJC_ROOT_CLASS = YES_ERROR;
				CLANG_WARN_RANGE_LOOP_ANALYSIS = YES;
				CLANG_WARN_STRICT_PROTOTYPES = YES;
				CLANG_WARN_SUSPICIOUS_MOVE = YES;
				CLANG_WARN_UNGUARDED_AVAILABILITY = YES_AGGRESSIVE;
				CLANG_WARN_UNREACHABLE_CODE = YES;
				CLANG_WARN__DUPLICATE_METHOD_MATCH = YES;
				CODE_SIGN_IDENTITY = "iPhone Developer";
				COPY_PHASE_STRIP = NO;
				DEBUG_INFORMATION_FORMAT = dwarf;
				ENABLE_STRICT_OBJC_MSGSEND = YES;
				ENABLE_TESTABILITY = YES;
				GCC_C_LANGUAGE_STANDARD = gnu11;
				GCC_DYNAMIC_NO_PIC = NO;
				GCC_NO_COMMON_BLOCKS = YES;
				GCC_OPTIMIZATION_LEVEL = 0;
				GCC_PREPROCESSOR_DEFINITIONS = (
					"DEBUG=1",
					"$(inherited)",
				);
				GCC_WARN_64_TO_32_BIT_CONVERSION = YES;
				GCC_WARN_ABOUT_RETURN_TYPE = YES_ERROR;
				GCC_WARN_UNDECLARED_SELECTOR = YES;
				GCC_WARN_UNINITIALIZED_AUTOS = YES_AGGRESSIVE;
				GCC_WARN_UNUSED_FUNCTION = YES;
				GCC_WARN_UNUSED_VARIABLE = YES;
				IPHONEOS_DEPLOYMENT_TARGET = 11.2;
				MTL_ENABLE_DEBUG_INFO = YES;
				ONLY_ACTIVE_ARCH = YES;
				SDKROOT = iphoneos;
				SWIFT_ACTIVE_COMPILATION_CONDITIONS = DEBUG;
				SWIFT_OPTIMIZATION_LEVEL = "-Onone";
			};
			name = Debug;
		};
		395D7F37203C65E4009DA67C /* Release */ = {
			isa = XCBuildConfiguration;
			buildSettings = {
				ALWAYS_SEARCH_USER_PATHS = NO;
				CLANG_ANALYZER_NONNULL = YES;
				CLANG_ANALYZER_NUMBER_OBJECT_CONVERSION = YES_AGGRESSIVE;
				CLANG_CXX_LANGUAGE_STANDARD = "gnu++14";
				CLANG_CXX_LIBRARY = "libc++";
				CLANG_ENABLE_MODULES = YES;
				CLANG_ENABLE_OBJC_ARC = YES;
				CLANG_WARN_BLOCK_CAPTURE_AUTORELEASING = YES;
				CLANG_WARN_BOOL_CONVERSION = YES;
				CLANG_WARN_COMMA = YES;
				CLANG_WARN_CONSTANT_CONVERSION = YES;
				CLANG_WARN_DIRECT_OBJC_ISA_USAGE = YES_ERROR;
				CLANG_WARN_DOCUMENTATION_COMMENTS = YES;
				CLANG_WARN_EMPTY_BODY = YES;
				CLANG_WARN_ENUM_CONVERSION = YES;
				CLANG_WARN_INFINITE_RECURSION = YES;
				CLANG_WARN_INT_CONVERSION = YES;
				CLANG_WARN_NON_LITERAL_NULL_CONVERSION = YES;
				CLANG_WARN_OBJC_LITERAL_CONVERSION = YES;
				CLANG_WARN_OBJC_ROOT_CLASS = YES_ERROR;
				CLANG_WARN_RANGE_LOOP_ANALYSIS = YES;
				CLANG_WARN_STRICT_PROTOTYPES = YES;
				CLANG_WARN_SUSPICIOUS_MOVE = YES;
				CLANG_WARN_UNGUARDED_AVAILABILITY = YES_AGGRESSIVE;
				CLANG_WARN_UNREACHABLE_CODE = YES;
				CLANG_WARN__DUPLICATE_METHOD_MATCH = YES;
				CODE_SIGN_IDENTITY = "iPhone Developer";
				COPY_PHASE_STRIP = NO;
				DEBUG_INFORMATION_FORMAT = "dwarf-with-dsym";
				ENABLE_NS_ASSERTIONS = NO;
				ENABLE_STRICT_OBJC_MSGSEND = YES;
				GCC_C_LANGUAGE_STANDARD = gnu11;
				GCC_NO_COMMON_BLOCKS = YES;
				GCC_WARN_64_TO_32_BIT_CONVERSION = YES;
				GCC_WARN_ABOUT_RETURN_TYPE = YES_ERROR;
				GCC_WARN_UNDECLARED_SELECTOR = YES;
				GCC_WARN_UNINITIALIZED_AUTOS = YES_AGGRESSIVE;
				GCC_WARN_UNUSED_FUNCTION = YES;
				GCC_WARN_UNUSED_VARIABLE = YES;
				IPHONEOS_DEPLOYMENT_TARGET = 11.2;
				MTL_ENABLE_DEBUG_INFO = NO;
				SDKROOT = iphoneos;
				SWIFT_OPTIMIZATION_LEVEL = "-Owholemodule";
				VALIDATE_PRODUCT = YES;
			};
			name = Release;
		};
		395D7F39203C65E4009DA67C /* Debug */ = {
			isa = XCBuildConfiguration;
			buildSettings = {
				ASSETCATALOG_COMPILER_APPICON_NAME = AppIcon;
				CODE_SIGN_STYLE = Automatic;
				DEVELOPMENT_TEAM = N7THUBBPH8;
				INFOPLIST_FILE = ProjectCrypto/Info.plist;
				LD_RUNPATH_SEARCH_PATHS = "$(inherited) @executable_path/Frameworks";
				PRODUCT_BUNDLE_IDENTIFIER = ru.Swiftbook.ProjectCrypto;
				PRODUCT_NAME = "$(TARGET_NAME)";
				SWIFT_VERSION = 4.0;
				TARGETED_DEVICE_FAMILY = "1,2";
			};
			name = Debug;
		};
		395D7F3A203C65E4009DA67C /* Release */ = {
			isa = XCBuildConfiguration;
			buildSettings = {
				ASSETCATALOG_COMPILER_APPICON_NAME = AppIcon;
				CODE_SIGN_STYLE = Automatic;
				DEVELOPMENT_TEAM = N7THUBBPH8;
				INFOPLIST_FILE = ProjectCrypto/Info.plist;
				LD_RUNPATH_SEARCH_PATHS = "$(inherited) @executable_path/Frameworks";
				PRODUCT_BUNDLE_IDENTIFIER = ru.Swiftbook.ProjectCrypto;
				PRODUCT_NAME = "$(TARGET_NAME)";
				SWIFT_VERSION = 4.0;
				TARGETED_DEVICE_FAMILY = "1,2";
			};
			name = Release;
		};
/* End XCBuildConfiguration section */

/* Begin XCConfigurationList section */
		395D7F1E203C65E4009DA67C /* Build configuration list for PBXProject "ProjectCrypto" */ = {
			isa = XCConfigurationList;
			buildConfigurations = (
				395D7F36203C65E4009DA67C /* Debug */,
				395D7F37203C65E4009DA67C /* Release */,
			);
			defaultConfigurationIsVisible = 0;
			defaultConfigurationName = Release;
		};
		395D7F38203C65E4009DA67C /* Build configuration list for PBXNativeTarget "ProjectCrypto" */ = {
			isa = XCConfigurationList;
			buildConfigurations = (
				395D7F39203C65E4009DA67C /* Debug */,
				395D7F3A203C65E4009DA67C /* Release */,
			);
			defaultConfigurationIsVisible = 0;
			defaultConfigurationName = Release;
		};
/* End XCConfigurationList section */

/* Begin XCVersionGroup section */
		395D7F2D203C65E4009DA67C /* ProjectCrypto.xcdatamodeld */ = {
			isa = XCVersionGroup;
			children = (
				395D7F2E203C65E4009DA67C /* ProjectCrypto.xcdatamodel */,
			);
			currentVersion = 395D7F2E203C65E4009DA67C /* ProjectCrypto.xcdatamodel */;
			path = ProjectCrypto.xcdatamodeld;
			sourceTree = "<group>";
			versionGroupType = wrapper.xcdatamodel;
		};
/* End XCVersionGroup section */
	};
	rootObject = 395D7F1B203C65E4009DA67C /* Project object */;
}
